{
  "nodes": {
    "nixpkgs": {
      "locked": {
        "lastModified": 1684436413,
        "narHash": "sha256-yGjQ/1qOAFw5j73Yzu3IdeJYmotRJ5CMaWzlRi/K/mI=",
        "owner": "NixOS",
        "repo": "nixpkgs",
        "rev": "3e014434a75d3d50770be68789713c86f6dbd27f",
        "type": "github"
      },
      "original": {
        "owner": "NixOS",
        "repo": "nixpkgs",
        "type": "github"
      }
    },
    "root": {
      "inputs": {
        "nixpkgs": "nixpkgs"
      }
    }
  },
  "root": "root",
  "version": 7
}
